
Microsoft Visual Studio Solution File, Format Version 12.00
# Visual Studio Version 17
VisualStudioVersion = 17.5.33627.172
MinimumVisualStudioVersion = 10.0.40219.1
Project("{FAE04EC0-301F-11D3-BF4B-00C04F79EFBC}") = "ConsoleToWebApplicationInCore", "ConsoleToWebApplicationInCore\ConsoleToWebApplicationInCore.csproj", "{9195E719-9223-4D08-92A1-DD79187E336C}"
EndProject
Global
	GlobalSection(SolutionConfigurationPlatforms) = preSolution
		Debug|Any CPU = Debug|Any CPU
		Release|Any CPU = Release|Any CPU
	EndGlobalSection
	GlobalSection(ProjectConfigurationPlatforms) = postSolution
		{9195E719-9223-4D08-92A1-DD79187E336C}.Debug|Any CPU.ActiveCfg = Debug|Any CPU
		{9195E719-9223-4D08-92A1-DD79187E336C}.Debug|Any CPU.Build.0 = Debug|Any CPU
		{9195E719-9223-4D08-92A1-DD79187E336C}.Release|Any CPU.ActiveCfg = Release|Any CPU
		{9195E719-9223-4D08-92A1-DD79187E336C}.Release|Any CPU.Build.0 = Release|Any CPU
	EndGlobalSection
	GlobalSection(SolutionProperties) = preSolution
		HideSolutionNode = FALSE
	EndGlobalSection
	GlobalSection(ExtensibilityGlobals) = postSolution
		SolutionGuid = {E6769963-2CEC-46D4-A33B-9E1A3E81E7A9}
	EndGlobalSection
EndGlobal
